// !$*UTF8*$!
{
	archiveVersion = 1;
	classes = {
	};
	objectVersion = 55;
	objects = {

/* Begin PBXBuildFile section */
		BCB4682128C5272B0061B1B4 /* AppDelegate.swift in Sources */ = {isa = PBXBuildFile; fileRef = BCB4682028C5272B0061B1B4 /* AppDelegate.swift */; };
		BCB4682328C5272B0061B1B4 /* SceneDelegate.swift in Sources */ = {isa = PBXBuildFile; fileRef = BCB4682228C5272B0061B1B4 /* SceneDelegate.swift */; };
		BCB4682528C5272B0061B1B4 /* ViewController.swift in Sources */ = {isa = PBXBuildFile; fileRef = BCB4682428C5272B0061B1B4 /* ViewController.swift */; };
		BCB4682828C5272B0061B1B4 /* Main.storyboard in Resources */ = {isa = PBXBuildFile; fileRef = BCB4682628C5272B0061B1B4 /* Main.storyboard */; };
		BCB4682A28C5272C0061B1B4 /* Assets.xcassets in Resources */ = {isa = PBXBuildFile; fileRef = BCB4682928C5272C0061B1B4 /* Assets.xcassets */; };
		BCB4682D28C5272C0061B1B4 /* LaunchScreen.storyboard in Resources */ = {isa = PBXBuildFile; fileRef = BCB4682B28C5272C0061B1B4 /* LaunchScreen.storyboard */; };
		BCB4683828C5272C0061B1B4 /* Sample3Tests.swift in Sources */ = {isa = PBXBuildFile; fileRef = BCB4683728C5272C0061B1B4 /* Sample3Tests.swift */; };
		BCB4684228C5272C0061B1B4 /* Sample3UITests.swift in Sources */ = {isa = PBXBuildFile; fileRef = BCB4684128C5272C0061B1B4 /* Sample3UITests.swift */; };
		BCB4684428C5272C0061B1B4 /* Sample3UITestsLaunchTests.swift in Sources */ = {isa = PBXBuildFile; fileRef = BCB4684328C5272C0061B1B4 /* Sample3UITestsLaunchTests.swift */; };
		BCB4685A28C5312F0061B1B4 /* ViewModels in Frameworks */ = {isa = PBXBuildFile; productRef = BCB4685928C5312F0061B1B4 /* ViewModels */; };
		BCB4685D28C535DE0061B1B4 /* RxCocoa in Frameworks */ = {isa = PBXBuildFile; productRef = BCB4685C28C535DE0061B1B4 /* RxCocoa */; };
		BCB4685F28C535DE0061B1B4 /* RxSwift in Frameworks */ = {isa = PBXBuildFile; productRef = BCB4685E28C535DE0061B1B4 /* RxSwift */; };
		BCB4686428C53B800061B1B4 /* APIKit in Frameworks */ = {isa = PBXBuildFile; productRef = BCB4686328C53B800061B1B4 /* APIKit */; };
		BCB4686728C53D5E0061B1B4 /* View in Frameworks */ = {isa = PBXBuildFile; productRef = BCB4686628C53D5E0061B1B4 /* View */; };
		BCB4686A28C543D90061B1B4 /* SampleViewController1.swift in Sources */ = {isa = PBXBuildFile; fileRef = BCB4686828C543D90061B1B4 /* SampleViewController1.swift */; };
		BCB4686B28C543D90061B1B4 /* SampleViewController1.xib in Resources */ = {isa = PBXBuildFile; fileRef = BCB4686928C543D90061B1B4 /* SampleViewController1.xib */; };
/* End PBXBuildFile section */

/* Begin PBXContainerItemProxy section */
		BCB4683428C5272C0061B1B4 /* PBXContainerItemProxy */ = {
			isa = PBXContainerItemProxy;
			containerPortal = BCB4681528C5272B0061B1B4 /* Project object */;
			proxyType = 1;
			remoteGlobalIDString = BCB4681C28C5272B0061B1B4;
			remoteInfo = Sample3;
		};
		BCB4683E28C5272C0061B1B4 /* PBXContainerItemProxy */ = {
			isa = PBXContainerItemProxy;
			containerPortal = BCB4681528C5272B0061B1B4 /* Project object */;
			proxyType = 1;
			remoteGlobalIDString = BCB4681C28C5272B0061B1B4;
			remoteInfo = Sample3;
		};
/* End PBXContainerItemProxy section */

/* Begin PBXFileReference section */
		BCB4681D28C5272B0061B1B4 /* Sample3.app */ = {isa = PBXFileReference; explicitFileType = wrapper.application; includeInIndex = 0; path = Sample3.app; sourceTree = BUILT_PRODUCTS_DIR; };
		BCB4682028C5272B0061B1B4 /* AppDelegate.swift */ = {isa = PBXFileReference; lastKnownFileType = sourcecode.swift; path = AppDelegate.swift; sourceTree = "<group>"; };
		BCB4682228C5272B0061B1B4 /* SceneDelegate.swift */ = {isa = PBXFileReference; lastKnownFileType = sourcecode.swift; path = SceneDelegate.swift; sourceTree = "<group>"; };
		BCB4682428C5272B0061B1B4 /* ViewController.swift */ = {isa = PBXFileReference; lastKnownFileType = sourcecode.swift; path = ViewController.swift; sourceTree = "<group>"; };
		BCB4682728C5272B0061B1B4 /* Base */ = {isa = PBXFileReference; lastKnownFileType = file.storyboard; name = Base; path = Base.lproj/Main.storyboard; sourceTree = "<group>"; };
		BCB4682928C5272C0061B1B4 /* Assets.xcassets */ = {isa = PBXFileReference; lastKnownFileType = folder.assetcatalog; path = Assets.xcassets; sourceTree = "<group>"; };
		BCB4682C28C5272C0061B1B4 /* Base */ = {isa = PBXFileReference; lastKnownFileType = file.storyboard; name = Base; path = Base.lproj/LaunchScreen.storyboard; sourceTree = "<group>"; };
		BCB4682E28C5272C0061B1B4 /* Info.plist */ = {isa = PBXFileReference; lastKnownFileType = text.plist.xml; path = Info.plist; sourceTree = "<group>"; };
		BCB4683328C5272C0061B1B4 /* Sample3Tests.xctest */ = {isa = PBXFileReference; explicitFileType = wrapper.cfbundle; includeInIndex = 0; path = Sample3Tests.xctest; sourceTree = BUILT_PRODUCTS_DIR; };
		BCB4683728C5272C0061B1B4 /* Sample3Tests.swift */ = {isa = PBXFileReference; lastKnownFileType = sourcecode.swift; path = Sample3Tests.swift; sourceTree = "<group>"; };
		BCB4683D28C5272C0061B1B4 /* Sample3UITests.xctest */ = {isa = PBXFileReference; explicitFileType = wrapper.cfbundle; includeInIndex = 0; path = Sample3UITests.xctest; sourceTree = BUILT_PRODUCTS_DIR; };
		BCB4684128C5272C0061B1B4 /* Sample3UITests.swift */ = {isa = PBXFileReference; lastKnownFileType = sourcecode.swift; path = Sample3UITests.swift; sourceTree = "<group>"; };
		BCB4684328C5272C0061B1B4 /* Sample3UITestsLaunchTests.swift */ = {isa = PBXFileReference; lastKnownFileType = sourcecode.swift; path = Sample3UITestsLaunchTests.swift; sourceTree = "<group>"; };
		BCB4685828C530CE0061B1B4 /* ViewModels */ = {isa = PBXFileReference; lastKnownFileType = wrapper; path = ViewModels; sourceTree = "<group>"; };
		BCB4686528C53D380061B1B4 /* View */ = {isa = PBXFileReference; lastKnownFileType = wrapper; path = View; sourceTree = "<group>"; };
		BCB4686828C543D90061B1B4 /* SampleViewController1.swift */ = {isa = PBXFileReference; lastKnownFileType = sourcecode.swift; path = SampleViewController1.swift; sourceTree = "<group>"; };
		BCB4686928C543D90061B1B4 /* SampleViewController1.xib */ = {isa = PBXFileReference; lastKnownFileType = file.xib; path = SampleViewController1.xib; sourceTree = "<group>"; };
/* End PBXFileReference section */

/* Begin PBXFrameworksBuildPhase section */
		BCB4681A28C5272B0061B1B4 /* Frameworks */ = {
			isa = PBXFrameworksBuildPhase;
			buildActionMask = 2147483647;
			files = (
				BCB4686428C53B800061B1B4 /* APIKit in Frameworks */,
				BCB4685F28C535DE0061B1B4 /* RxSwift in Frameworks */,
				BCB4685D28C535DE0061B1B4 /* RxCocoa in Frameworks */,
				BCB4686728C53D5E0061B1B4 /* View in Frameworks */,
				BCB4685A28C5312F0061B1B4 /* ViewModels in Frameworks */,
			);
			runOnlyForDeploymentPostprocessing = 0;
		};
		BCB4683028C5272C0061B1B4 /* Frameworks */ = {
			isa = PBXFrameworksBuildPhase;
			buildActionMask = 2147483647;
			files = (
			);
			runOnlyForDeploymentPostprocessing = 0;
		};
		BCB4683A28C5272C0061B1B4 /* Frameworks */ = {
			isa = PBXFrameworksBuildPhase;
			buildActionMask = 2147483647;
			files = (
			);
			runOnlyForDeploymentPostprocessing = 0;
		};
/* End PBXFrameworksBuildPhase section */

/* Begin PBXGroup section */
		BCB4681428C5272B0061B1B4 = {
			isa = PBXGroup;
			children = (
				BCB4686528C53D380061B1B4 /* View */,
				BCB4685828C530CE0061B1B4 /* ViewModels */,
				BCB4681F28C5272B0061B1B4 /* Sample3 */,
				BCB4683628C5272C0061B1B4 /* Sample3Tests */,
				BCB4684028C5272C0061B1B4 /* Sample3UITests */,
				BCB4681E28C5272B0061B1B4 /* Products */,
				BCB4685328C528E90061B1B4 /* Frameworks */,
			);
			sourceTree = "<group>";
		};
		BCB4681E28C5272B0061B1B4 /* Products */ = {
			isa = PBXGroup;
			children = (
				BCB4681D28C5272B0061B1B4 /* Sample3.app */,
				BCB4683328C5272C0061B1B4 /* Sample3Tests.xctest */,
				BCB4683D28C5272C0061B1B4 /* Sample3UITests.xctest */,
			);
			name = Products;
			sourceTree = "<group>";
		};
		BCB4681F28C5272B0061B1B4 /* Sample3 */ = {
			isa = PBXGroup;
			children = (
				BCB4682028C5272B0061B1B4 /* AppDelegate.swift */,
				BCB4682228C5272B0061B1B4 /* SceneDelegate.swift */,
				BCB4682428C5272B0061B1B4 /* ViewController.swift */,
				BCB4682628C5272B0061B1B4 /* Main.storyboard */,
				BCB4682928C5272C0061B1B4 /* Assets.xcassets */,
				BCB4682B28C5272C0061B1B4 /* LaunchScreen.storyboard */,
				BCB4682E28C5272C0061B1B4 /* Info.plist */,
				BCB4686828C543D90061B1B4 /* SampleViewController1.swift */,
				BCB4686928C543D90061B1B4 /* SampleViewController1.xib */,
			);
			path = Sample3;
			sourceTree = "<group>";
		};
		BCB4683628C5272C0061B1B4 /* Sample3Tests */ = {
			isa = PBXGroup;
			children = (
				BCB4683728C5272C0061B1B4 /* Sample3Tests.swift */,
			);
			path = Sample3Tests;
			sourceTree = "<group>";
		};
		BCB4684028C5272C0061B1B4 /* Sample3UITests */ = {
			isa = PBXGroup;
			children = (
				BCB4684128C5272C0061B1B4 /* Sample3UITests.swift */,
				BCB4684328C5272C0061B1B4 /* Sample3UITestsLaunchTests.swift */,
			);
			path = Sample3UITests;
			sourceTree = "<group>";
		};
		BCB4685328C528E90061B1B4 /* Frameworks */ = {
			isa = PBXGroup;
			children = (
			);
			name = Frameworks;
			sourceTree = "<group>";
		};
/* End PBXGroup section */

/* Begin PBXNativeTarget section */
		BCB4681C28C5272B0061B1B4 /* Sample3 */ = {
			isa = PBXNativeTarget;
			buildConfigurationList = BCB4684728C5272C0061B1B4 /* Build configuration list for PBXNativeTarget "Sample3" */;
			buildPhases = (
				BCB4681928C5272B0061B1B4 /* Sources */,
				BCB4681A28C5272B0061B1B4 /* Frameworks */,
				BCB4681B28C5272B0061B1B4 /* Resources */,
			);
			buildRules = (
			);
			dependencies = (
			);
			name = Sample3;
			packageProductDependencies = (
				BCB4685928C5312F0061B1B4 /* ViewModels */,
				BCB4685C28C535DE0061B1B4 /* RxCocoa */,
				BCB4685E28C535DE0061B1B4 /* RxSwift */,
				BCB4686328C53B800061B1B4 /* APIKit */,
				BCB4686628C53D5E0061B1B4 /* View */,
			);
			productName = Sample3;
			productReference = BCB4681D28C5272B0061B1B4 /* Sample3.app */;
			productType = "com.apple.product-type.application";
		};
		BCB4683228C5272C0061B1B4 /* Sample3Tests */ = {
			isa = PBXNativeTarget;
			buildConfigurationList = BCB4684A28C5272C0061B1B4 /* Build configuration list for PBXNativeTarget "Sample3Tests" */;
			buildPhases = (
				BCB4682F28C5272C0061B1B4 /* Sources */,
				BCB4683028C5272C0061B1B4 /* Frameworks */,
				BCB4683128C5272C0061B1B4 /* Resources */,
			);
			buildRules = (
			);
			dependencies = (
				BCB4683528C5272C0061B1B4 /* PBXTargetDependency */,
			);
			name = Sample3Tests;
			productName = Sample3Tests;
			productReference = BCB4683328C5272C0061B1B4 /* Sample3Tests.xctest */;
			productType = "com.apple.product-type.bundle.unit-test";
		};
		BCB4683C28C5272C0061B1B4 /* Sample3UITests */ = {
			isa = PBXNativeTarget;
			buildConfigurationList = BCB4684D28C5272C0061B1B4 /* Build configuration list for PBXNativeTarget "Sample3UITests" */;
			buildPhases = (
				BCB4683928C5272C0061B1B4 /* Sources */,
				BCB4683A28C5272C0061B1B4 /* Frameworks */,
				BCB4683B28C5272C0061B1B4 /* Resources */,
			);
			buildRules = (
			);
			dependencies = (
				BCB4683F28C5272C0061B1B4 /* PBXTargetDependency */,
			);
			name = Sample3UITests;
			productName = Sample3UITests;
			productReference = BCB4683D28C5272C0061B1B4 /* Sample3UITests.xctest */;
			productType = "com.apple.product-type.bundle.ui-testing";
		};
/* End PBXNativeTarget section */

/* Begin PBXProject section */
		BCB4681528C5272B0061B1B4 /* Project object */ = {
			isa = PBXProject;
			attributes = {
				BuildIndependentTargetsInParallel = 1;
				LastSwiftUpdateCheck = 1330;
				LastUpgradeCheck = 1330;
				TargetAttributes = {
					BCB4681C28C5272B0061B1B4 = {
						CreatedOnToolsVersion = 13.3;
					};
					BCB4683228C5272C0061B1B4 = {
						CreatedOnToolsVersion = 13.3;
						TestTargetID = BCB4681C28C5272B0061B1B4;
					};
					BCB4683C28C5272C0061B1B4 = {
						CreatedOnToolsVersion = 13.3;
						TestTargetID = BCB4681C28C5272B0061B1B4;
					};
				};
			};
			buildConfigurationList = BCB4681828C5272B0061B1B4 /* Build configuration list for PBXProject "Sample3" */;
			compatibilityVersion = "Xcode 13.0";
			developmentRegion = en;
			hasScannedForEncodings = 0;
			knownRegions = (
				en,
				Base,
			);
			mainGroup = BCB4681428C5272B0061B1B4;
			packageReferences = (
				BCB4685B28C535DE0061B1B4 /* XCRemoteSwiftPackageReference "RxSwift" */,
				BCB4686228C53B800061B1B4 /* XCRemoteSwiftPackageReference "APIKit" */,
			);
			productRefGroup = BCB4681E28C5272B0061B1B4 /* Products */;
			projectDirPath = "";
			projectRoot = "";
			targets = (
				BCB4681C28C5272B0061B1B4 /* Sample3 */,
				BCB4683228C5272C0061B1B4 /* Sample3Tests */,
				BCB4683C28C5272C0061B1B4 /* Sample3UITests */,
			);
		};
/* End PBXProject section */

/* Begin PBXResourcesBuildPhase section */
		BCB4681B28C5272B0061B1B4 /* Resources */ = {
			isa = PBXResourcesBuildPhase;
			buildActionMask = 2147483647;
			files = (
				BCB4686B28C543D90061B1B4 /* SampleViewController1.xib in Resources */,
				BCB4682D28C5272C0061B1B4 /* LaunchScreen.storyboard in Resources */,
				BCB4682A28C5272C0061B1B4 /* Assets.xcassets in Resources */,
				BCB4682828C5272B0061B1B4 /* Main.storyboard in Resources */,
			);
			runOnlyForDeploymentPostprocessing = 0;
		};
		BCB4683128C5272C0061B1B4 /* Resources */ = {
			isa = PBXResourcesBuildPhase;
			buildActionMask = 2147483647;
			files = (
			);
			runOnlyForDeploymentPostprocessing = 0;
		};
		BCB4683B28C5272C0061B1B4 /* Resources */ = {
			isa = PBXResourcesBuildPhase;
			buildActionMask = 2147483647;
			files = (
			);
			runOnlyForDeploymentPostprocessing = 0;
		};
/* End PBXResourcesBuildPhase section */

/* Begin PBXSourcesBuildPhase section */
		BCB4681928C5272B0061B1B4 /* Sources */ = {
			isa = PBXSourcesBuildPhase;
			buildActionMask = 2147483647;
			files = (
				BCB4686A28C543D90061B1B4 /* SampleViewController1.swift in Sources */,
				BCB4682528C5272B0061B1B4 /* ViewController.swift in Sources */,
				BCB4682128C5272B0061B1B4 /* AppDelegate.swift in Sources */,
				BCB4682328C5272B0061B1B4 /* SceneDelegate.swift in Sources */,
			);
			runOnlyForDeploymentPostprocessing = 0;
		};
		BCB4682F28C5272C0061B1B4 /* Sources */ = {
			isa = PBXSourcesBuildPhase;
			buildActionMask = 2147483647;
			files = (
				BCB4683828C5272C0061B1B4 /* Sample3Tests.swift in Sources */,
			);
			runOnlyForDeploymentPostprocessing = 0;
		};
		BCB4683928C5272C0061B1B4 /* Sources */ = {
			isa = PBXSourcesBuildPhase;
			buildActionMask = 2147483647;
			files = (
				BCB4684428C5272C0061B1B4 /* Sample3UITestsLaunchTests.swift in Sources */,
				BCB4684228C5272C0061B1B4 /* Sample3UITests.swift in Sources */,
			);
			runOnlyForDeploymentPostprocessing = 0;
		};
/* End PBXSourcesBuildPhase section */

/* Begin PBXTargetDependency section */
		BCB4683528C5272C0061B1B4 /* PBXTargetDependency */ = {
			isa = PBXTargetDependency;
			target = BCB4681C28C5272B0061B1B4 /* Sample3 */;
			targetProxy = BCB4683428C5272C0061B1B4 /* PBXContainerItemProxy */;
		};
		BCB4683F28C5272C0061B1B4 /* PBXTargetDependency */ = {
			isa = PBXTargetDependency;
			target = BCB4681C28C5272B0061B1B4 /* Sample3 */;
			targetProxy = BCB4683E28C5272C0061B1B4 /* PBXContainerItemProxy */;
		};
/* End PBXTargetDependency section */

/* Begin PBXVariantGroup section */
		BCB4682628C5272B0061B1B4 /* Main.storyboard */ = {
			isa = PBXVariantGroup;
			children = (
				BCB4682728C5272B0061B1B4 /* Base */,
			);
			name = Main.storyboard;
			sourceTree = "<group>";
		};
		BCB4682B28C5272C0061B1B4 /* LaunchScreen.storyboard */ = {
			isa = PBXVariantGroup;
			children = (
				BCB4682C28C5272C0061B1B4 /* Base */,
			);
			name = LaunchScreen.storyboard;
			sourceTree = "<group>";
		};
/* End PBXVariantGroup section */

/* Begin XCBuildConfiguration section */
		BCB4684528C5272C0061B1B4 /* Debug */ = {
			isa = XCBuildConfiguration;
			buildSettings = {
				ALWAYS_SEARCH_USER_PATHS = NO;
				CLANG_ANALYZER_NONNULL = YES;
				CLANG_ANALYZER_NUMBER_OBJECT_CONVERSION = YES_AGGRESSIVE;
				CLANG_CXX_LANGUAGE_STANDARD = "gnu++17";
				CLANG_ENABLE_MODULES = YES;
				CLANG_ENABLE_OBJC_ARC = YES;
				CLANG_ENABLE_OBJC_WEAK = YES;
				CLANG_WARN_BLOCK_CAPTURE_AUTORELEASING = YES;
				CLANG_WARN_BOOL_CONVERSION = YES;
				CLANG_WARN_COMMA = YES;
				CLANG_WARN_CONSTANT_CONVERSION = YES;
				CLANG_WARN_DEPRECATED_OBJC_IMPLEMENTATIONS = YES;
				CLANG_WARN_DIRECT_OBJC_ISA_USAGE = YES_ERROR;
				CLANG_WARN_DOCUMENTATION_COMMENTS = YES;
				CLANG_WARN_EMPTY_BODY = YES;
				CLANG_WARN_ENUM_CONVERSION = YES;
				CLANG_WARN_INFINITE_RECURSION = YES;
				CLANG_WARN_INT_CONVERSION = YES;
				CLANG_WARN_NON_LITERAL_NULL_CONVERSION = YES;
				CLANG_WARN_OBJC_IMPLICIT_RETAIN_SELF = YES;
				CLANG_WARN_OBJC_LITERAL_CONVERSION = YES;
				CLANG_WARN_OBJC_ROOT_CLASS = YES_ERROR;
				CLANG_WARN_QUOTED_INCLUDE_IN_FRAMEWORK_HEADER = YES;
				CLANG_WARN_RANGE_LOOP_ANALYSIS = YES;
				CLANG_WARN_STRICT_PROTOTYPES = YES;
				CLANG_WARN_SUSPICIOUS_MOVE = YES;
				CLANG_WARN_UNGUARDED_AVAILABILITY = YES_AGGRESSIVE;
				CLANG_WARN_UNREACHABLE_CODE = YES;
				CLANG_WARN__DUPLICATE_METHOD_MATCH = YES;
				COPY_PHASE_STRIP = NO;
				DEBUG_INFORMATION_FORMAT = dwarf;
				ENABLE_STRICT_OBJC_MSGSEND = YES;
				ENABLE_TESTABILITY = YES;
				GCC_C_LANGUAGE_STANDARD = gnu11;
				GCC_DYNAMIC_NO_PIC = NO;
				GCC_NO_COMMON_BLOCKS = YES;
				GCC_OPTIMIZATION_LEVEL = 0;
				GCC_PREPROCESSOR_DEFINITIONS = (
					"DEBUG=1",
					"$(inherited)",
				);
				GCC_WARN_64_TO_32_BIT_CONVERSION = YES;
				GCC_WARN_ABOUT_RETURN_TYPE = YES_ERROR;
				GCC_WARN_UNDECLARED_SELECTOR = YES;
				GCC_WARN_UNINITIALIZED_AUTOS = YES_AGGRESSIVE;
				GCC_WARN_UNUSED_FUNCTION = YES;
				GCC_WARN_UNUSED_VARIABLE = YES;
				IPHONEOS_DEPLOYMENT_TARGET = 14.0;
				MTL_ENABLE_DEBUG_INFO = INCLUDE_SOURCE;
				MTL_FAST_MATH = YES;
				ONLY_ACTIVE_ARCH = YES;
				SDKROOT = iphoneos;
				SWIFT_ACTIVE_COMPILATION_CONDITIONS = DEBUG;
				SWIFT_OPTIMIZATION_LEVEL = "-Onone";
			};
			name = Debug;
		};
		BCB4684628C5272C0061B1B4 /* Release */ = {
			isa = XCBuildConfiguration;
			buildSettings = {
				ALWAYS_SEARCH_USER_PATHS = NO;
				CLANG_ANALYZER_NONNULL = YES;
				CLANG_ANALYZER_NUMBER_OBJECT_CONVERSION = YES_AGGRESSIVE;
				CLANG_CXX_LANGUAGE_STANDARD = "gnu++17";
				CLANG_ENABLE_MODULES = YES;
				CLANG_ENABLE_OBJC_ARC = YES;
				CLANG_ENABLE_OBJC_WEAK = YES;
				CLANG_WARN_BLOCK_CAPTURE_AUTORELEASING = YES;
				CLANG_WARN_BOOL_CONVERSION = YES;
				CLANG_WARN_COMMA = YES;
				CLANG_WARN_CONSTANT_CONVERSION = YES;
				CLANG_WARN_DEPRECATED_OBJC_IMPLEMENTATIONS = YES;
				CLANG_WARN_DIRECT_OBJC_ISA_USAGE = YES_ERROR;
				CLANG_WARN_DOCUMENTATION_COMMENTS = YES;
				CLANG_WARN_EMPTY_BODY = YES;
				CLANG_WARN_ENUM_CONVERSION = YES;
				CLANG_WARN_INFINITE_RECURSION = YES;
				CLANG_WARN_INT_CONVERSION = YES;
				CLANG_WARN_NON_LITERAL_NULL_CONVERSION = YES;
				CLANG_WARN_OBJC_IMPLICIT_RETAIN_SELF = YES;
				CLANG_WARN_OBJC_LITERAL_CONVERSION = YES;
				CLANG_WARN_OBJC_ROOT_CLASS = YES_ERROR;
				CLANG_WARN_QUOTED_INCLUDE_IN_FRAMEWORK_HEADER = YES;
				CLANG_WARN_RANGE_LOOP_ANALYSIS = YES;
				CLANG_WARN_STRICT_PROTOTYPES = YES;
				CLANG_WARN_SUSPICIOUS_MOVE = YES;
				CLANG_WARN_UNGUARDED_AVAILABILITY = YES_AGGRESSIVE;
				CLANG_WARN_UNREACHABLE_CODE = YES;
				CLANG_WARN__DUPLICATE_METHOD_MATCH = YES;
				COPY_PHASE_STRIP = NO;
				DEBUG_INFORMATION_FORMAT = "dwarf-with-dsym";
				ENABLE_NS_ASSERTIONS = NO;
				ENABLE_STRICT_OBJC_MSGSEND = YES;
				GCC_C_LANGUAGE_STANDARD = gnu11;
				GCC_NO_COMMON_BLOCKS = YES;
				GCC_WARN_64_TO_32_BIT_CONVERSION = YES;
				GCC_WARN_ABOUT_RETURN_TYPE = YES_ERROR;
				GCC_WARN_UNDECLARED_SELECTOR = YES;
				GCC_WARN_UNINITIALIZED_AUTOS = YES_AGGRESSIVE;
				GCC_WARN_UNUSED_FUNCTION = YES;
				GCC_WARN_UNUSED_VARIABLE = YES;
				IPHONEOS_DEPLOYMENT_TARGET = 14.0;
				MTL_ENABLE_DEBUG_INFO = NO;
				MTL_FAST_MATH = YES;
				SDKROOT = iphoneos;
				SWIFT_COMPILATION_MODE = wholemodule;
				SWIFT_OPTIMIZATION_LEVEL = "-O";
				VALIDATE_PRODUCT = YES;
			};
			name = Release;
		};
		BCB4684828C5272C0061B1B4 /* Debug */ = {
			isa = XCBuildConfiguration;
			buildSettings = {
				ASSETCATALOG_COMPILER_APPICON_NAME = AppIcon;
				ASSETCATALOG_COMPILER_GLOBAL_ACCENT_COLOR_NAME = AccentColor;
				CODE_SIGN_STYLE = Automatic;
				CURRENT_PROJECT_VERSION = 1;
				DEVELOPMENT_TEAM = VCP3BNMMQR;
				GENERATE_INFOPLIST_FILE = YES;
				INFOPLIST_FILE = Sample3/Info.plist;
				INFOPLIST_KEY_UIApplicationSupportsIndirectInputEvents = YES;
				INFOPLIST_KEY_UILaunchStoryboardName = LaunchScreen;
				INFOPLIST_KEY_UIMainStoryboardFile = Main;
				INFOPLIST_KEY_UISupportedInterfaceOrientations_iPad = "UIInterfaceOrientationPortrait UIInterfaceOrientationPortraitUpsideDown UIInterfaceOrientationLandscapeLeft UIInterfaceOrientationLandscapeRight";
				INFOPLIST_KEY_UISupportedInterfaceOrientations_iPhone = "UIInterfaceOrientationPortrait UIInterfaceOrientationLandscapeLeft UIInterfaceOrientationLandscapeRight";
				LD_RUNPATH_SEARCH_PATHS = (
					"$(inherited)",
					"@executable_path/Frameworks",
				);
				MARKETING_VERSION = 1.0;
				PRODUCT_BUNDLE_IDENTIFIER = maeken.Sample3;
				PRODUCT_NAME = "$(TARGET_NAME)";
				SWIFT_EMIT_LOC_STRINGS = YES;
				SWIFT_VERSION = 5.0;
				TARGETED_DEVICE_FAMILY = "1,2";
			};
			name = Debug;
		};
		BCB4684928C5272C0061B1B4 /* Release */ = {
			isa = XCBuildConfiguration;
			buildSettings = {
				ASSETCATALOG_COMPILER_APPICON_NAME = AppIcon;
				ASSETCATALOG_COMPILER_GLOBAL_ACCENT_COLOR_NAME = AccentColor;
				CODE_SIGN_STYLE = Automatic;
				CURRENT_PROJECT_VERSION = 1;
				DEVELOPMENT_TEAM = VCP3BNMMQR;
				GENERATE_INFOPLIST_FILE = YES;
				INFOPLIST_FILE = Sample3/Info.plist;
				INFOPLIST_KEY_UIApplicationSupportsIndirectInputEvents = YES;
				INFOPLIST_KEY_UILaunchStoryboardName = LaunchScreen;
				INFOPLIST_KEY_UIMainStoryboardFile = Main;
				INFOPLIST_KEY_UISupportedInterfaceOrientations_iPad = "UIInterfaceOrientationPortrait UIInterfaceOrientationPortraitUpsideDown UIInterfaceOrientationLandscapeLeft UIInterfaceOrientationLandscapeRight";
				INFOPLIST_KEY_UISupportedInterfaceOrientations_iPhone = "UIInterfaceOrientationPortrait UIInterfaceOrientationLandscapeLeft UIInterfaceOrientationLandscapeRight";
				LD_RUNPATH_SEARCH_PATHS = (
					"$(inherited)",
					"@executable_path/Frameworks",
				);
				MARKETING_VERSION = 1.0;
				PRODUCT_BUNDLE_IDENTIFIER = maeken.Sample3;
				PRODUCT_NAME = "$(TARGET_NAME)";
				SWIFT_EMIT_LOC_STRINGS = YES;
				SWIFT_VERSION = 5.0;
				TARGETED_DEVICE_FAMILY = "1,2";
			};
			name = Release;
		};
		BCB4684B28C5272C0061B1B4 /* Debug */ = {
			isa = XCBuildConfiguration;
			buildSettings = {
				ALWAYS_EMBED_SWIFT_STANDARD_LIBRARIES = YES;
				BUNDLE_LOADER = "$(TEST_HOST)";
				CODE_SIGN_STYLE = Automatic;
				CURRENT_PROJECT_VERSION = 1;
				DEVELOPMENT_TEAM = VCP3BNMMQR;
				GENERATE_INFOPLIST_FILE = YES;
				IPHONEOS_DEPLOYMENT_TARGET = 15.4;
				MARKETING_VERSION = 1.0;
				PRODUCT_BUNDLE_IDENTIFIER = maeken.Sample3Tests;
				PRODUCT_NAME = "$(TARGET_NAME)";
				SWIFT_EMIT_LOC_STRINGS = NO;
				SWIFT_VERSION = 5.0;
				TARGETED_DEVICE_FAMILY = "1,2";
				TEST_HOST = "$(BUILT_PRODUCTS_DIR)/Sample3.app/Sample3";
			};
			name = Debug;
		};
		BCB4684C28C5272C0061B1B4 /* Release */ = {
			isa = XCBuildConfiguration;
			buildSettings = {
				ALWAYS_EMBED_SWIFT_STANDARD_LIBRARIES = YES;
				BUNDLE_LOADER = "$(TEST_HOST)";
				CODE_SIGN_STYLE = Automatic;
				CURRENT_PROJECT_VERSION = 1;
				DEVELOPMENT_TEAM = VCP3BNMMQR;
				GENERATE_INFOPLIST_FILE = YES;
				IPHONEOS_DEPLOYMENT_TARGET = 15.4;
				MARKETING_VERSION = 1.0;
				PRODUCT_BUNDLE_IDENTIFIER = maeken.Sample3Tests;
				PRODUCT_NAME = "$(TARGET_NAME)";
				SWIFT_EMIT_LOC_STRINGS = NO;
				SWIFT_VERSION = 5.0;
				TARGETED_DEVICE_FAMILY = "1,2";
				TEST_HOST = "$(BUILT_PRODUCTS_DIR)/Sample3.app/Sample3";
			};
			name = Release;
		};
		BCB4684E28C5272C0061B1B4 /* Debug */ = {
			isa = XCBuildConfiguration;
			buildSettings = {
				ALWAYS_EMBED_SWIFT_STANDARD_LIBRARIES = YES;
				CODE_SIGN_STYLE = Automatic;
				CURRENT_PROJECT_VERSION = 1;
				DEVELOPMENT_TEAM = VCP3BNMMQR;
				GENERATE_INFOPLIST_FILE = YES;
				MARKETING_VERSION = 1.0;
				PRODUCT_BUNDLE_IDENTIFIER = maeken.Sample3UITests;
				PRODUCT_NAME = "$(TARGET_NAME)";
				SWIFT_EMIT_LOC_STRINGS = NO;
				SWIFT_VERSION = 5.0;
				TARGETED_DEVICE_FAMILY = "1,2";
				TEST_TARGET_NAME = Sample3;
			};
			name = Debug;
		};
		BCB4684F28C5272C0061B1B4 /* Release */ = {
			isa = XCBuildConfiguration;
			buildSettings = {
				ALWAYS_EMBED_SWIFT_STANDARD_LIBRARIES = YES;
				CODE_SIGN_STYLE = Automatic;
				CURRENT_PROJECT_VERSION = 1;
				DEVELOPMENT_TEAM = VCP3BNMMQR;
				GENERATE_INFOPLIST_FILE = YES;
				MARKETING_VERSION = 1.0;
				PRODUCT_BUNDLE_IDENTIFIER = maeken.Sample3UITests;
				PRODUCT_NAME = "$(TARGET_NAME)";
				SWIFT_EMIT_LOC_STRINGS = NO;
				SWIFT_VERSION = 5.0;
				TARGETED_DEVICE_FAMILY = "1,2";
				TEST_TARGET_NAME = Sample3;
			};
			name = Release;
		};
/* End XCBuildConfiguration section */

/* Begin XCConfigurationList section */
		BCB4681828C5272B0061B1B4 /* Build configuration list for PBXProject "Sample3" */ = {
			isa = XCConfigurationList;
			buildConfigurations = (
				BCB4684528C5272C0061B1B4 /* Debug */,
				BCB4684628C5272C0061B1B4 /* Release */,
			);
			defaultConfigurationIsVisible = 0;
			defaultConfigurationName = Release;
		};
		BCB4684728C5272C0061B1B4 /* Build configuration list for PBXNativeTarget "Sample3" */ = {
			isa = XCConfigurationList;
			buildConfigurations = (
				BCB4684828C5272C0061B1B4 /* Debug */,
				BCB4684928C5272C0061B1B4 /* Release */,
			);
			defaultConfigurationIsVisible = 0;
			defaultConfigurationName = Release;
		};
		BCB4684A28C5272C0061B1B4 /* Build configuration list for PBXNativeTarget "Sample3Tests" */ = {
			isa = XCConfigurationList;
			buildConfigurations = (
				BCB4684B28C5272C0061B1B4 /* Debug */,
				BCB4684C28C5272C0061B1B4 /* Release */,
			);
			defaultConfigurationIsVisible = 0;
			defaultConfigurationName = Release;
		};
		BCB4684D28C5272C0061B1B4 /* Build configuration list for PBXNativeTarget "Sample3UITests" */ = {
			isa = XCConfigurationList;
			buildConfigurations = (
				BCB4684E28C5272C0061B1B4 /* Debug */,
				BCB4684F28C5272C0061B1B4 /* Release */,
			);
			defaultConfigurationIsVisible = 0;
			defaultConfigurationName = Release;
		};
/* End XCConfigurationList section */

/* Begin XCRemoteSwiftPackageReference section */
		BCB4685B28C535DE0061B1B4 /* XCRemoteSwiftPackageReference "RxSwift" */ = {
			isa = XCRemoteSwiftPackageReference;
			repositoryURL = "https://github.com/ReactiveX/RxSwift";
			requirement = {
				kind = upToNextMajorVersion;
				minimumVersion = 6.0.0;
			};
		};
		BCB4686228C53B800061B1B4 /* XCRemoteSwiftPackageReference "APIKit" */ = {
			isa = XCRemoteSwiftPackageReference;
			repositoryURL = "https://github.com/ishkawa/APIKit";
			requirement = {
				kind = upToNextMajorVersion;
				minimumVersion = 5.0.0;
			};
		};
/* End XCRemoteSwiftPackageReference section */

/* Begin XCSwiftPackageProductDependency section */
		BCB4685928C5312F0061B1B4 /* ViewModels */ = {
			isa = XCSwiftPackageProductDependency;
			productName = ViewModels;
		};
		BCB4685C28C535DE0061B1B4 /* RxCocoa */ = {
			isa = XCSwiftPackageProductDependency;
			package = BCB4685B28C535DE0061B1B4 /* XCRemoteSwiftPackageReference "RxSwift" */;
			productName = RxCocoa;
		};
		BCB4685E28C535DE0061B1B4 /* RxSwift */ = {
			isa = XCSwiftPackageProductDependency;
			package = BCB4685B28C535DE0061B1B4 /* XCRemoteSwiftPackageReference "RxSwift" */;
			productName = RxSwift;
		};
		BCB4686328C53B800061B1B4 /* APIKit */ = {
			isa = XCSwiftPackageProductDependency;
			package = BCB4686228C53B800061B1B4 /* XCRemoteSwiftPackageReference "APIKit" */;
			productName = APIKit;
		};
		BCB4686628C53D5E0061B1B4 /* View */ = {
			isa = XCSwiftPackageProductDependency;
			productName = View;
		};
/* End XCSwiftPackageProductDependency section */
	};
	rootObject = BCB4681528C5272B0061B1B4 /* Project object */;
}
